Microsoft Visual Studio Solution File, Format Version 11.00
# Visual Studio 2008

Project("{B3EDD33D-6952-567A-E7C0-AD6B41AB1249}") = "15_Services", "Assembly-CSharp.csproj", "{D83784BE-FE75-F41F-4C89-471D4FDF113F}"
EndProject
Global
	GlobalSection(SolutionConfigurationPlatforms) = preSolution
		Debug|Any CPU = Debug|Any CPU
		Release|Any CPU = Release|Any CPU
	EndGlobalSection
	GlobalSection(ProjectConfigurationPlatforms) = postSolution
		{D83784BE-FE75-F41F-4C89-471D4FDF113F}.Debug|Any CPU.ActiveCfg = Debug|Any CPU
		{D83784BE-FE75-F41F-4C89-471D4FDF113F}.Debug|Any CPU.Build.0 = Debug|Any CPU
		{D83784BE-FE75-F41F-4C89-471D4FDF113F}.Release|Any CPU.ActiveCfg = Release|Any CPU
		{D83784BE-FE75-F41F-4C89-471D4FDF113F}.Release|Any CPU.Build.0 = Release|Any CPU
	EndGlobalSection
	GlobalSection(SolutionProperties) = preSolution
		HideSolutionNode = FALSE
	EndGlobalSection
	GlobalSection(MonoDevelopProperties) = preSolution
		StartupItem = Assembly-CSharp.csproj
	EndGlobalSection
EndGlobal
